
Microsoft Visual Studio Solution File, Format Version 11.00
# Visual Studio 2010
Project("{E24C65DC-7377-472B-9ABA-BC803B73C61A}") = "ASP 2", ".", "{176BD649-640F-4478-8FBB-C22C30FF09D6}"
	ProjectSection(WebsiteProperties) = preProject
		TargetFrameworkMoniker = ".NETFramework,Version%3Dv4.0"
		Debug.AspNetCompiler.VirtualPath = "/ASP 2"
		Debug.AspNetCompiler.PhysicalPath = "..\..\..\..\Dropbox\Projecten\Tutorials\Asp - 2\ASP 2\"
		Debug.AspNetCompiler.TargetPath = "PrecompiledWeb\ASP 2\"
		Debug.AspNetCompiler.Updateable = "true"
		Debug.AspNetCompiler.ForceOverwrite = "true"
		Debug.AspNetCompiler.FixedNames = "false"
		Debug.AspNetCompiler.Debug = "True"
		Release.AspNetCompiler.VirtualPath = "/ASP 2"
		Release.AspNetCompiler.PhysicalPath = "..\..\..\..\Dropbox\Projecten\Tutorials\Asp - 2\ASP 2\"
		Release.AspNetCompiler.TargetPath = "PrecompiledWeb\ASP 2\"
		Release.AspNetCompiler.Updateable = "true"
		Release.AspNetCompiler.ForceOverwrite = "true"
		Release.AspNetCompiler.FixedNames = "false"
		Release.AspNetCompiler.Debug = "False"
		VWDPort = "49339"
	EndProjectSection
EndProject
Global
	GlobalSection(SolutionConfigurationPlatforms) = preSolution
		Debug|Any CPU = Debug|Any CPU
	EndGlobalSection
	GlobalSection(ProjectConfigurationPlatforms) = postSolution
		{176BD649-640F-4478-8FBB-C22C30FF09D6}.Debug|Any CPU.ActiveCfg = Debug|Any CPU
		{176BD649-640F-4478-8FBB-C22C30FF09D6}.Debug|Any CPU.Build.0 = Debug|Any CPU
	EndGlobalSection
	GlobalSection(SolutionProperties) = preSolution
		HideSolutionNode = FALSE
	EndGlobalSection
EndGlobal
